
Microsoft Visual Studio Solution File, Format Version 12.00
# Visual Studio Version 16
VisualStudioVersion = 16.0.29926.136
MinimumVisualStudioVersion = 10.0.40219.1
Project("{8BC9CEB8-8B4A-11D0-8D11-00A0C91BC942}") = "Task1", "Indexer\Indexer.vcxproj", "{21112229-D1A8-48F9-BE5B-14A4DF6CD2D3}"
EndProject
Project("{8BC9CEB8-8B4A-11D0-8D11-00A0C91BC942}") = "IndexerTest", "IndexerTest\IndexerTest.vcxproj", "{F4FF8997-AB68-4602-9BBB-5E048BB666F0}"
EndProject
Project("{8BC9CEB8-8B4A-11D0-8D11-00A0C91BC942}") = "GaussMethod", "GaussMethod\GaussMethod.vcxproj", "{A0A8904F-AC27-443D-907D-66159E2C7F77}"
EndProject
Project("{8BC9CEB8-8B4A-11D0-8D11-00A0C91BC942}") = "LinearEquationTest", "LinearEquationTest\LinearEquationTest.vcxproj", "{14C80E05-FEE8-419F-B0CA-8168F486A9FF}"
EndProject
Project("{8BC9CEB8-8B4A-11D0-8D11-00A0C91BC942}") = "SystemLinearEquationTest", "SystemLinearEquationTest\SystemLinearEquationTest.vcxproj", "{788F8F44-6DDA-4F2F-B266-2077F58DB277}"
EndProject
Project("{2150E333-8FDC-42A3-9474-1A3956D46DE8}") = "TddExampleCpp", "TddExampleCpp", "{D0FF41FC-1D72-47A2-80EA-4062F9C75F82}"
EndProject
Project("{2150E333-8FDC-42A3-9474-1A3956D46DE8}") = "TddExampleSharp", "TddExampleSharp", "{58977730-52B5-4392-B31A-C7A61BAF5568}"
EndProject
Project("{9A19103F-16F7-4668-BE54-9A1E7A4F7556}") = "IndexerTest", "..\TddExample\IndexerTest\IndexerTest.csproj", "{3834A1C5-FB00-44A9-AD18-2CC059BE13E9}"
EndProject
Project("{9A19103F-16F7-4668-BE54-9A1E7A4F7556}") = "Indexer", "..\TddExample\Indexer\Indexer.csproj", "{F599FD26-EB8C-4A11-BF18-886E7B3563B7}"
EndProject
Project("{9A19103F-16F7-4668-BE54-9A1E7A4F7556}") = "GaussMethod", "..\TddExample\GaussMethod\GaussMethod.csproj", "{46B2551C-BC8F-488C-A88D-C677099BF57B}"
EndProject
Project("{9A19103F-16F7-4668-BE54-9A1E7A4F7556}") = "LinearEquationTest", "..\TddExample\LinearEquationTest\LinearEquationTest.csproj", "{760023D0-412F-4A4B-8EA5-13DB2002142B}"
EndProject
Project("{9A19103F-16F7-4668-BE54-9A1E7A4F7556}") = "SystemLinearEquationTest", "..\TddExample\SystemLinearEquationTest\SystemLinearEquationTest.csproj", "{C9B49DE9-545C-4641-B957-AB4E499D284E}"
EndProject
Global
	GlobalSection(SolutionConfigurationPlatforms) = preSolution
		Debug|Any CPU = Debug|Any CPU
		Debug|x64 = Debug|x64
		Debug|x86 = Debug|x86
		Release|Any CPU = Release|Any CPU
		Release|x64 = Release|x64
		Release|x86 = Release|x86
	EndGlobalSection
	GlobalSection(ProjectConfigurationPlatforms) = postSolution
		{21112229-D1A8-48F9-BE5B-14A4DF6CD2D3}.Debug|Any CPU.ActiveCfg = Debug|Win32
		{21112229-D1A8-48F9-BE5B-14A4DF6CD2D3}.Debug|x64.ActiveCfg = Debug|x64
		{21112229-D1A8-48F9-BE5B-14A4DF6CD2D3}.Debug|x64.Build.0 = Debug|x64
		{21112229-D1A8-48F9-BE5B-14A4DF6CD2D3}.Debug|x86.ActiveCfg = Debug|Win32
		{21112229-D1A8-48F9-BE5B-14A4DF6CD2D3}.Debug|x86.Build.0 = Debug|Win32
		{21112229-D1A8-48F9-BE5B-14A4DF6CD2D3}.Release|Any CPU.ActiveCfg = Release|Win32
		{21112229-D1A8-48F9-BE5B-14A4DF6CD2D3}.Release|x64.ActiveCfg = Release|x64
		{21112229-D1A8-48F9-BE5B-14A4DF6CD2D3}.Release|x64.Build.0 = Release|x64
		{21112229-D1A8-48F9-BE5B-14A4DF6CD2D3}.Release|x86.ActiveCfg = Release|Win32
		{21112229-D1A8-48F9-BE5B-14A4DF6CD2D3}.Release|x86.Build.0 = Release|Win32
		{F4FF8997-AB68-4602-9BBB-5E048BB666F0}.Debug|Any CPU.ActiveCfg = Debug|Win32
		{F4FF8997-AB68-4602-9BBB-5E048BB666F0}.Debug|x64.ActiveCfg = Debug|x64
		{F4FF8997-AB68-4602-9BBB-5E048BB666F0}.Debug|x64.Build.0 = Debug|x64
		{F4FF8997-AB68-4602-9BBB-5E048BB666F0}.Debug|x86.ActiveCfg = Debug|Win32
		{F4FF8997-AB68-4602-9BBB-5E048BB666F0}.Debug|x86.Build.0 = Debug|Win32
		{F4FF8997-AB68-4602-9BBB-5E048BB666F0}.Release|Any CPU.ActiveCfg = Release|Win32
		{F4FF8997-AB68-4602-9BBB-5E048BB666F0}.Release|x64.ActiveCfg = Release|x64
		{F4FF8997-AB68-4602-9BBB-5E048BB666F0}.Release|x64.Build.0 = Release|x64
		{F4FF8997-AB68-4602-9BBB-5E048BB666F0}.Release|x86.ActiveCfg = Release|Win32
		{F4FF8997-AB68-4602-9BBB-5E048BB666F0}.Release|x86.Build.0 = Release|Win32
		{A0A8904F-AC27-443D-907D-66159E2C7F77}.Debug|Any CPU.ActiveCfg = Debug|Win32
		{A0A8904F-AC27-443D-907D-66159E2C7F77}.Debug|x64.ActiveCfg = Debug|x64
		{A0A8904F-AC27-443D-907D-66159E2C7F77}.Debug|x64.Build.0 = Debug|x64
		{A0A8904F-AC27-443D-907D-66159E2C7F77}.Debug|x86.ActiveCfg = Debug|Win32
		{A0A8904F-AC27-443D-907D-66159E2C7F77}.Debug|x86.Build.0 = Debug|Win32
		{A0A8904F-AC27-443D-907D-66159E2C7F77}.Release|Any CPU.ActiveCfg = Release|Win32
		{A0A8904F-AC27-443D-907D-66159E2C7F77}.Release|x64.ActiveCfg = Release|x64
		{A0A8904F-AC27-443D-907D-66159E2C7F77}.Release|x64.Build.0 = Release|x64
		{A0A8904F-AC27-443D-907D-66159E2C7F77}.Release|x86.ActiveCfg = Release|Win32
		{A0A8904F-AC27-443D-907D-66159E2C7F77}.Release|x86.Build.0 = Release|Win32
		{14C80E05-FEE8-419F-B0CA-8168F486A9FF}.Debug|Any CPU.ActiveCfg = Debug|Win32
		{14C80E05-FEE8-419F-B0CA-8168F486A9FF}.Debug|x64.ActiveCfg = Debug|x64
		{14C80E05-FEE8-419F-B0CA-8168F486A9FF}.Debug|x64.Build.0 = Debug|x64
		{14C80E05-FEE8-419F-B0CA-8168F486A9FF}.Debug|x86.ActiveCfg = Debug|Win32
		{14C80E05-FEE8-419F-B0CA-8168F486A9FF}.Debug|x86.Build.0 = Debug|Win32
		{14C80E05-FEE8-419F-B0CA-8168F486A9FF}.Release|Any CPU.ActiveCfg = Release|Win32
		{14C80E05-FEE8-419F-B0CA-8168F486A9FF}.Release|x64.ActiveCfg = Release|x64
		{14C80E05-FEE8-419F-B0CA-8168F486A9FF}.Release|x64.Build.0 = Release|x64
		{14C80E05-FEE8-419F-B0CA-8168F486A9FF}.Release|x86.ActiveCfg = Release|Win32
		{14C80E05-FEE8-419F-B0CA-8168F486A9FF}.Release|x86.Build.0 = Release|Win32
		{788F8F44-6DDA-4F2F-B266-2077F58DB277}.Debug|Any CPU.ActiveCfg = Debug|Win32
		{788F8F44-6DDA-4F2F-B266-2077F58DB277}.Debug|x64.ActiveCfg = Debug|x64
		{788F8F44-6DDA-4F2F-B266-2077F58DB277}.Debug|x64.Build.0 = Debug|x64
		{788F8F44-6DDA-4F2F-B266-2077F58DB277}.Debug|x86.ActiveCfg = Debug|Win32
		{788F8F44-6DDA-4F2F-B266-2077F58DB277}.Debug|x86.Build.0 = Debug|Win32
		{788F8F44-6DDA-4F2F-B266-2077F58DB277}.Release|Any CPU.ActiveCfg = Release|Win32
		{788F8F44-6DDA-4F2F-B266-2077F58DB277}.Release|x64.ActiveCfg = Release|x64
		{788F8F44-6DDA-4F2F-B266-2077F58DB277}.Release|x64.Build.0 = Release|x64
		{788F8F44-6DDA-4F2F-B266-2077F58DB277}.Release|x86.ActiveCfg = Release|Win32
		{788F8F44-6DDA-4F2F-B266-2077F58DB277}.Release|x86.Build.0 = Release|Win32
		{3834A1C5-FB00-44A9-AD18-2CC059BE13E9}.Debug|Any CPU.ActiveCfg = Debug|Any CPU
		{3834A1C5-FB00-44A9-AD18-2CC059BE13E9}.Debug|Any CPU.Build.0 = Debug|Any CPU
		{3834A1C5-FB00-44A9-AD18-2CC059BE13E9}.Debug|x64.ActiveCfg = Debug|Any CPU
		{3834A1C5-FB00-44A9-AD18-2CC059BE13E9}.Debug|x64.Build.0 = Debug|Any CPU
		{3834A1C5-FB00-44A9-AD18-2CC059BE13E9}.Debug|x86.ActiveCfg = Debug|Any CPU
		{3834A1C5-FB00-44A9-AD18-2CC059BE13E9}.Debug|x86.Build.0 = Debug|Any CPU
		{3834A1C5-FB00-44A9-AD18-2CC059BE13E9}.Release|Any CPU.ActiveCfg = Release|Any CPU
		{3834A1C5-FB00-44A9-AD18-2CC059BE13E9}.Release|Any CPU.Build.0 = Release|Any CPU
		{3834A1C5-FB00-44A9-AD18-2CC059BE13E9}.Release|x64.ActiveCfg = Release|Any CPU
		{3834A1C5-FB00-44A9-AD18-2CC059BE13E9}.Release|x64.Build.0 = Release|Any CPU
		{3834A1C5-FB00-44A9-AD18-2CC059BE13E9}.Release|x86.ActiveCfg = Release|Any CPU
		{3834A1C5-FB00-44A9-AD18-2CC059BE13E9}.Release|x86.Build.0 = Release|Any CPU
		{F599FD26-EB8C-4A11-BF18-886E7B3563B7}.Debug|Any CPU.ActiveCfg = Debug|Any CPU
		{F599FD26-EB8C-4A11-BF18-886E7B3563B7}.Debug|Any CPU.Build.0 = Debug|Any CPU
		{F599FD26-EB8C-4A11-BF18-886E7B3563B7}.Debug|x64.ActiveCfg = Debug|Any CPU
		{F599FD26-EB8C-4A11-BF18-886E7B3563B7}.Debug|x64.Build.0 = Debug|Any CPU
		{F599FD26-EB8C-4A11-BF18-886E7B3563B7}.Debug|x86.ActiveCfg = Debug|Any CPU
		{F599FD26-EB8C-4A11-BF18-886E7B3563B7}.Debug|x86.Build.0 = Debug|Any CPU
		{F599FD26-EB8C-4A11-BF18-886E7B3563B7}.Release|Any CPU.ActiveCfg = Release|Any CPU
		{F599FD26-EB8C-4A11-BF18-886E7B3563B7}.Release|Any CPU.Build.0 = Release|Any CPU
		{F599FD26-EB8C-4A11-BF18-886E7B3563B7}.Release|x64.ActiveCfg = Release|Any CPU
		{F599FD26-EB8C-4A11-BF18-886E7B3563B7}.Release|x64.Build.0 = Release|Any CPU
		{F599FD26-EB8C-4A11-BF18-886E7B3563B7}.Release|x86.ActiveCfg = Release|Any CPU
		{F599FD26-EB8C-4A11-BF18-886E7B3563B7}.Release|x86.Build.0 = Release|Any CPU
		{46B2551C-BC8F-488C-A88D-C677099BF57B}.Debug|Any CPU.ActiveCfg = Debug|Any CPU
		{46B2551C-BC8F-488C-A88D-C677099BF57B}.Debug|Any CPU.Build.0 = Debug|Any CPU
		{46B2551C-BC8F-488C-A88D-C677099BF57B}.Debug|x64.ActiveCfg = Debug|Any CPU
		{46B2551C-BC8F-488C-A88D-C677099BF57B}.Debug|x64.Build.0 = Debug|Any CPU
		{46B2551C-BC8F-488C-A88D-C677099BF57B}.Debug|x86.ActiveCfg = Debug|Any CPU
		{46B2551C-BC8F-488C-A88D-C677099BF57B}.Debug|x86.Build.0 = Debug|Any CPU
		{46B2551C-BC8F-488C-A88D-C677099BF57B}.Release|Any CPU.ActiveCfg = Release|Any CPU
		{46B2551C-BC8F-488C-A88D-C677099BF57B}.Release|Any CPU.Build.0 = Release|Any CPU
		{46B2551C-BC8F-488C-A88D-C677099BF57B}.Release|x64.ActiveCfg = Release|Any CPU
		{46B2551C-BC8F-488C-A88D-C677099BF57B}.Release|x64.Build.0 = Release|Any CPU
		{46B2551C-BC8F-488C-A88D-C677099BF57B}.Release|x86.ActiveCfg = Release|Any CPU
		{46B2551C-BC8F-488C-A88D-C677099BF57B}.Release|x86.Build.0 = Release|Any CPU
		{760023D0-412F-4A4B-8EA5-13DB2002142B}.Debug|Any CPU.ActiveCfg = Debug|Any CPU
		{760023D0-412F-4A4B-8EA5-13DB2002142B}.Debug|Any CPU.Build.0 = Debug|Any CPU
		{760023D0-412F-4A4B-8EA5-13DB2002142B}.Debug|x64.ActiveCfg = Debug|Any CPU
		{760023D0-412F-4A4B-8EA5-13DB2002142B}.Debug|x64.Build.0 = Debug|Any CPU
		{760023D0-412F-4A4B-8EA5-13DB2002142B}.Debug|x86.ActiveCfg = Debug|Any CPU
		{760023D0-412F-4A4B-8EA5-13DB2002142B}.Debug|x86.Build.0 = Debug|Any CPU
		{760023D0-412F-4A4B-8EA5-13DB2002142B}.Release|Any CPU.ActiveCfg = Release|Any CPU
		{760023D0-412F-4A4B-8EA5-13DB2002142B}.Release|Any CPU.Build.0 = Release|Any CPU
		{760023D0-412F-4A4B-8EA5-13DB2002142B}.Release|x64.ActiveCfg = Release|Any CPU
		{760023D0-412F-4A4B-8EA5-13DB2002142B}.Release|x64.Build.0 = Release|Any CPU
		{760023D0-412F-4A4B-8EA5-13DB2002142B}.Release|x86.ActiveCfg = Release|Any CPU
		{760023D0-412F-4A4B-8EA5-13DB2002142B}.Release|x86.Build.0 = Release|Any CPU
		{C9B49DE9-545C-4641-B957-AB4E499D284E}.Debug|Any CPU.ActiveCfg = Debug|Any CPU
		{C9B49DE9-545C-4641-B957-AB4E499D284E}.Debug|Any CPU.Build.0 = Debug|Any CPU
		{C9B49DE9-545C-4641-B957-AB4E499D284E}.Debug|x64.ActiveCfg = Debug|Any CPU
		{C9B49DE9-545C-4641-B957-AB4E499D284E}.Debug|x64.Build.0 = Debug|Any CPU
		{C9B49DE9-545C-4641-B957-AB4E499D284E}.Debug|x86.ActiveCfg = Debug|Any CPU
		{C9B49DE9-545C-4641-B957-AB4E499D284E}.Debug|x86.Build.0 = Debug|Any CPU
		{C9B49DE9-545C-4641-B957-AB4E499D284E}.Release|Any CPU.ActiveCfg = Release|Any CPU
		{C9B49DE9-545C-4641-B957-AB4E499D284E}.Release|Any CPU.Build.0 = Release|Any CPU
		{C9B49DE9-545C-4641-B957-AB4E499D284E}.Release|x64.ActiveCfg = Release|Any CPU
		{C9B49DE9-545C-4641-B957-AB4E499D284E}.Release|x64.Build.0 = Release|Any CPU
		{C9B49DE9-545C-4641-B957-AB4E499D284E}.Release|x86.ActiveCfg = Release|Any CPU
		{C9B49DE9-545C-4641-B957-AB4E499D284E}.Release|x86.Build.0 = Release|Any CPU
	EndGlobalSection
	GlobalSection(SolutionProperties) = preSolution
		HideSolutionNode = FALSE
	EndGlobalSection
	GlobalSection(NestedProjects) = preSolution
		{21112229-D1A8-48F9-BE5B-14A4DF6CD2D3} = {D0FF41FC-1D72-47A2-80EA-4062F9C75F82}
		{F4FF8997-AB68-4602-9BBB-5E048BB666F0} = {D0FF41FC-1D72-47A2-80EA-4062F9C75F82}
		{A0A8904F-AC27-443D-907D-66159E2C7F77} = {D0FF41FC-1D72-47A2-80EA-4062F9C75F82}
		{14C80E05-FEE8-419F-B0CA-8168F486A9FF} = {D0FF41FC-1D72-47A2-80EA-4062F9C75F82}
		{788F8F44-6DDA-4F2F-B266-2077F58DB277} = {D0FF41FC-1D72-47A2-80EA-4062F9C75F82}
		{3834A1C5-FB00-44A9-AD18-2CC059BE13E9} = {58977730-52B5-4392-B31A-C7A61BAF5568}
		{F599FD26-EB8C-4A11-BF18-886E7B3563B7} = {58977730-52B5-4392-B31A-C7A61BAF5568}
		{46B2551C-BC8F-488C-A88D-C677099BF57B} = {58977730-52B5-4392-B31A-C7A61BAF5568}
		{760023D0-412F-4A4B-8EA5-13DB2002142B} = {58977730-52B5-4392-B31A-C7A61BAF5568}
		{C9B49DE9-545C-4641-B957-AB4E499D284E} = {58977730-52B5-4392-B31A-C7A61BAF5568}
	EndGlobalSection
	GlobalSection(ExtensibilityGlobals) = postSolution
		SolutionGuid = {3893F1F1-00B4-42A4-AECB-9AAB3A33C025}
	EndGlobalSection
EndGlobal
